
Microsoft Visual Studio Solution File, Format Version 12.00
# Visual Studio Version 16
VisualStudioVersion = 16.0.30104.148
MinimumVisualStudioVersion = 10.0.40219.1
Project("{FAE04EC0-301F-11D3-BF4B-00C04F79EFBC}") = "RayMember", "RayMember.csproj", "{3122A5D9-50C2-453C-8C74-DE3291BC5A14}"
EndProject
Global
	GlobalSection(SolutionConfigurationPlatforms) = preSolution
		Debug|Any CPU = Debug|Any CPU
		Release|Any CPU = Release|Any CPU
	EndGlobalSection
	GlobalSection(ProjectConfigurationPlatforms) = postSolution
		{3122A5D9-50C2-453C-8C74-DE3291BC5A14}.Debug|Any CPU.ActiveCfg = Debug|Any CPU
		{3122A5D9-50C2-453C-8C74-DE3291BC5A14}.Debug|Any CPU.Build.0 = Debug|Any CPU
		{3122A5D9-50C2-453C-8C74-DE3291BC5A14}.Release|Any CPU.ActiveCfg = Release|Any CPU
		{3122A5D9-50C2-453C-8C74-DE3291BC5A14}.Release|Any CPU.Build.0 = Release|Any CPU
	EndGlobalSection
	GlobalSection(SolutionProperties) = preSolution
		HideSolutionNode = FALSE
	EndGlobalSection
	GlobalSection(ExtensibilityGlobals) = postSolution
		SolutionGuid = {A4F8B0BC-30E8-41D7-AB2E-59994C621333}
	EndGlobalSection
EndGlobal
